# Generated by buf. DO NOT EDIT.
version: v2
deps:
  - name: buf.build/bufbuild/protovalidate
    commit: 435963d1631043e694e56e6bcc3c79c3
    digest: b5:f4ea07ad2dd94bd7243562f9908b9fb104feef8076040c89d9f7c1dedc074de4d4ce2b997686ef4400f3eccb765a7cfc20ed4acdd70b9a3699351245c61dba97
  - name: buf.build/orm/orm
    commit: ae9ac4940b844c27870dabfeefdc8bb9
    digest: b5:9a8c0a88525ec2fdb8692020b69ab86af133ad95fd62156f178f2d7e67b081927fa31abb7d5e771c5d73837ed95d12ef333ae270209b607e91770fe07dfd2567
  - name: buf.build/patch/patch
    commit: 1ff59ac3af634b2b9b73cc7ac1f9a3bd
    digest: b5:db6b10aecb55283c840f3018b0aa6d601dc160c29db836109cbca622e4bcd4771b04b805f858c949dfac9d0c0c6056da83934678430c8f7d6059db33202b8650
